
Microsoft Visual Studio Solution File, Format Version 12.00
# Visual Studio 15
VisualStudioVersion = 15.0.27703.2035
MinimumVisualStudioVersion = 10.0.40219.1
Project("{FAE04EC0-301F-11D3-BF4B-00C04F79EFBC}") = "Student.Business.Facade", "Student.Business.Facade\Student.Business.Facade.csproj", "{ADBBA85B-8251-43FC-AEFB-A01013368E97}"
EndProject
Project("{FAE04EC0-301F-11D3-BF4B-00C04F79EFBC}") = "Student.Business.Facade.Tests", "Student.Business.Facade.Tests\Student.Business.Facade.Tests.csproj", "{7286AC75-BF94-4D80-AE80-A8166C9D5108}"
EndProject
Project("{FAE04EC0-301F-11D3-BF4B-00C04F79EFBC}") = "Student.Business.Logic", "Student.Business.Logic\Student.Business.Logic.csproj", "{BEAFDB1A-CD59-4FB7-9110-0579E049BDEF}"
EndProject
Project("{FAE04EC0-301F-11D3-BF4B-00C04F79EFBC}") = "Student.Common.Logic", "Student.Common.Logic\Student.Common.Logic.csproj", "{0D799F38-7ABE-4899-8AA3-004024923AB3}"
EndProject
Project("{FAE04EC0-301F-11D3-BF4B-00C04F79EFBC}") = "Student.DataAccess.Dao", "Student.DataAccess.Dao\Student.DataAccess.Dao.csproj", "{FCEE5055-04B2-46FF-86FC-BC27A74DDDA2}"
EndProject
Global
	GlobalSection(SolutionConfigurationPlatforms) = preSolution
		Debug|Any CPU = Debug|Any CPU
		Release|Any CPU = Release|Any CPU
	EndGlobalSection
	GlobalSection(ProjectConfigurationPlatforms) = postSolution
		{ADBBA85B-8251-43FC-AEFB-A01013368E97}.Debug|Any CPU.ActiveCfg = Debug|Any CPU
		{ADBBA85B-8251-43FC-AEFB-A01013368E97}.Debug|Any CPU.Build.0 = Debug|Any CPU
		{ADBBA85B-8251-43FC-AEFB-A01013368E97}.Release|Any CPU.ActiveCfg = Release|Any CPU
		{ADBBA85B-8251-43FC-AEFB-A01013368E97}.Release|Any CPU.Build.0 = Release|Any CPU
		{7286AC75-BF94-4D80-AE80-A8166C9D5108}.Debug|Any CPU.ActiveCfg = Debug|Any CPU
		{7286AC75-BF94-4D80-AE80-A8166C9D5108}.Debug|Any CPU.Build.0 = Debug|Any CPU
		{7286AC75-BF94-4D80-AE80-A8166C9D5108}.Release|Any CPU.ActiveCfg = Release|Any CPU
		{7286AC75-BF94-4D80-AE80-A8166C9D5108}.Release|Any CPU.Build.0 = Release|Any CPU
		{BEAFDB1A-CD59-4FB7-9110-0579E049BDEF}.Debug|Any CPU.ActiveCfg = Debug|Any CPU
		{BEAFDB1A-CD59-4FB7-9110-0579E049BDEF}.Debug|Any CPU.Build.0 = Debug|Any CPU
		{BEAFDB1A-CD59-4FB7-9110-0579E049BDEF}.Release|Any CPU.ActiveCfg = Release|Any CPU
		{BEAFDB1A-CD59-4FB7-9110-0579E049BDEF}.Release|Any CPU.Build.0 = Release|Any CPU
		{0D799F38-7ABE-4899-8AA3-004024923AB3}.Debug|Any CPU.ActiveCfg = Debug|Any CPU
		{0D799F38-7ABE-4899-8AA3-004024923AB3}.Debug|Any CPU.Build.0 = Debug|Any CPU
		{0D799F38-7ABE-4899-8AA3-004024923AB3}.Release|Any CPU.ActiveCfg = Release|Any CPU
		{0D799F38-7ABE-4899-8AA3-004024923AB3}.Release|Any CPU.Build.0 = Release|Any CPU
		{FCEE5055-04B2-46FF-86FC-BC27A74DDDA2}.Debug|Any CPU.ActiveCfg = Debug|Any CPU
		{FCEE5055-04B2-46FF-86FC-BC27A74DDDA2}.Debug|Any CPU.Build.0 = Debug|Any CPU
		{FCEE5055-04B2-46FF-86FC-BC27A74DDDA2}.Release|Any CPU.ActiveCfg = Release|Any CPU
		{FCEE5055-04B2-46FF-86FC-BC27A74DDDA2}.Release|Any CPU.Build.0 = Release|Any CPU
	EndGlobalSection
	GlobalSection(SolutionProperties) = preSolution
		HideSolutionNode = FALSE
	EndGlobalSection
	GlobalSection(ExtensibilityGlobals) = postSolution
		SolutionGuid = {2F4EB594-03A2-47E3-9DEA-B53DEBFEEBB5}
	EndGlobalSection
EndGlobal
